
Microsoft Visual Studio Solution File, Format Version 12.00
# Visual Studio Version 16
VisualStudioVersion = 16.0.30413.136
MinimumVisualStudioVersion = 10.0.40219.1
Project("{FAE04EC0-301F-11D3-BF4B-00C04F79EFBC}") = "PRAKTIKUMWEEKTERAKHIR", "PRAKTIKUMWEEKTERAKHIR\PRAKTIKUMWEEKTERAKHIR.csproj", "{9554E44B-D6E5-4FC2-83E8-84E19D0ED79A}"
EndProject
Global
	GlobalSection(SolutionConfigurationPlatforms) = preSolution
		Debug|Any CPU = Debug|Any CPU
		Release|Any CPU = Release|Any CPU
	EndGlobalSection
	GlobalSection(ProjectConfigurationPlatforms) = postSolution
		{9554E44B-D6E5-4FC2-83E8-84E19D0ED79A}.Debug|Any CPU.ActiveCfg = Debug|Any CPU
		{9554E44B-D6E5-4FC2-83E8-84E19D0ED79A}.Debug|Any CPU.Build.0 = Debug|Any CPU
		{9554E44B-D6E5-4FC2-83E8-84E19D0ED79A}.Release|Any CPU.ActiveCfg = Release|Any CPU
		{9554E44B-D6E5-4FC2-83E8-84E19D0ED79A}.Release|Any CPU.Build.0 = Release|Any CPU
	EndGlobalSection
	GlobalSection(SolutionProperties) = preSolution
		HideSolutionNode = FALSE
	EndGlobalSection
	GlobalSection(ExtensibilityGlobals) = postSolution
		SolutionGuid = {2A4B3D0A-7525-4162-B794-4152F08A170A}
	EndGlobalSection
EndGlobal
